// !$*UTF8*$!
{
	archiveVersion = 1;
	classes = {
	};
	objectVersion = 55;
	objects = {

/* Begin PBXBuildFile section */
		B678FF7C27D285850049919A /* avocadotoastApp.swift in Sources */ = {isa = PBXBuildFile; fileRef = B678FF7B27D285850049919A /* avocadotoastApp.swift */; };
		B678FF7E27D285850049919A /* ContentView.swift in Sources */ = {isa = PBXBuildFile; fileRef = B678FF7D27D285850049919A /* ContentView.swift */; };
		B678FF8027D285850049919A /* Assets.xcassets in Resources */ = {isa = PBXBuildFile; fileRef = B678FF7F27D285850049919A /* Assets.xcassets */; };
		B678FF8327D285850049919A /* Preview Assets.xcassets in Resources */ = {isa = PBXBuildFile; fileRef = B678FF8227D285850049919A /* Preview Assets.xcassets */; };
		B678FF8D27D285860049919A /* avocadotoastTests.swift in Sources */ = {isa = PBXBuildFile; fileRef = B678FF8C27D285860049919A /* avocadotoastTests.swift */; };
		B678FF9727D285860049919A /* avocadotoastUITests.swift in Sources */ = {isa = PBXBuildFile; fileRef = B678FF9627D285860049919A /* avocadotoastUITests.swift */; };
		B678FF9927D285860049919A /* avocadotoastUITestsLaunchTests.swift in Sources */ = {isa = PBXBuildFile; fileRef = B678FF9827D285860049919A /* avocadotoastUITestsLaunchTests.swift */; };
/* End PBXBuildFile section */

/* Begin PBXContainerItemProxy section */
		B678FF8927D285860049919A /* PBXContainerItemProxy */ = {
			isa = PBXContainerItemProxy;
			containerPortal = B678FF7027D285850049919A /* Project object */;
			proxyType = 1;
			remoteGlobalIDString = B678FF7727D285850049919A;
			remoteInfo = avocadotoast;
		};
		B678FF9327D285860049919A /* PBXContainerItemProxy */ = {
			isa = PBXContainerItemProxy;
			containerPortal = B678FF7027D285850049919A /* Project object */;
			proxyType = 1;
			remoteGlobalIDString = B678FF7727D285850049919A;
			remoteInfo = avocadotoast;
		};
/* End PBXContainerItemProxy section */

/* Begin PBXFileReference section */
		B678FF7827D285850049919A /* avocadotoast.app */ = {isa = PBXFileReference; explicitFileType = wrapper.application; includeInIndex = 0; path = avocadotoast.app; sourceTree = BUILT_PRODUCTS_DIR; };
		B678FF7B27D285850049919A /* avocadotoastApp.swift */ = {isa = PBXFileReference; lastKnownFileType = sourcecode.swift; path = avocadotoastApp.swift; sourceTree = "<group>"; };
		B678FF7D27D285850049919A /* ContentView.swift */ = {isa = PBXFileReference; lastKnownFileType = sourcecode.swift; path = ContentView.swift; sourceTree = "<group>"; };
		B678FF7F27D285850049919A /* Assets.xcassets */ = {isa = PBXFileReference; lastKnownFileType = folder.assetcatalog; path = Assets.xcassets; sourceTree = "<group>"; };
		B678FF8227D285850049919A /* Preview Assets.xcassets */ = {isa = PBXFileReference; lastKnownFileType = folder.assetcatalog; path = "Preview Assets.xcassets"; sourceTree = "<group>"; };
		B678FF8827D285860049919A /* avocadotoastTests.xctest */ = {isa = PBXFileReference; explicitFileType = wrapper.cfbundle; includeInIndex = 0; path = avocadotoastTests.xctest; sourceTree = BUILT_PRODUCTS_DIR; };
		B678FF8C27D285860049919A /* avocadotoastTests.swift */ = {isa = PBXFileReference; lastKnownFileType = sourcecode.swift; path = avocadotoastTests.swift; sourceTree = "<group>"; };
		B678FF9227D285860049919A /* avocadotoastUITests.xctest */ = {isa = PBXFileReference; explicitFileType = wrapper.cfbundle; includeInIndex = 0; path = avocadotoastUITests.xctest; sourceTree = BUILT_PRODUCTS_DIR; };
		B678FF9627D285860049919A /* avocadotoastUITests.swift */ = {isa = PBXFileReference; lastKnownFileType = sourcecode.swift; path = avocadotoastUITests.swift; sourceTree = "<group>"; };
		B678FF9827D285860049919A /* avocadotoastUITestsLaunchTests.swift */ = {isa = PBXFileReference; lastKnownFileType = sourcecode.swift; path = avocadotoastUITestsLaunchTests.swift; sourceTree = "<group>"; };
/* End PBXFileReference section */

/* Begin PBXFrameworksBuildPhase section */
		B678FF7527D285850049919A /* Frameworks */ = {
			isa = PBXFrameworksBuildPhase;
			buildActionMask = 2147483647;
			files = (
			);
			runOnlyForDeploymentPostprocessing = 0;
		};
		B678FF8527D285860049919A /* Frameworks */ = {
			isa = PBXFrameworksBuildPhase;
			buildActionMask = 2147483647;
			files = (
			);
			runOnlyForDeploymentPostprocessing = 0;
		};
		B678FF8F27D285860049919A /* Frameworks */ = {
			isa = PBXFrameworksBuildPhase;
			buildActionMask = 2147483647;
			files = (
			);
			runOnlyForDeploymentPostprocessing = 0;
		};
/* End PBXFrameworksBuildPhase section */

/* Begin PBXGroup section */
		B678FF6F27D285850049919A = {
			isa = PBXGroup;
			children = (
				B678FF7A27D285850049919A /* avocadotoast */,
				B678FF8B27D285860049919A /* avocadotoastTests */,
				B678FF9527D285860049919A /* avocadotoastUITests */,
				B678FF7927D285850049919A /* Products */,
			);
			sourceTree = "<group>";
		};
		B678FF7927D285850049919A /* Products */ = {
			isa = PBXGroup;
			children = (
				B678FF7827D285850049919A /* avocadotoast.app */,
				B678FF8827D285860049919A /* avocadotoastTests.xctest */,
				B678FF9227D285860049919A /* avocadotoastUITests.xctest */,
			);
			name = Products;
			sourceTree = "<group>";
		};
		B678FF7A27D285850049919A /* avocadotoast */ = {
			isa = PBXGroup;
			children = (
				B678FF7B27D285850049919A /* avocadotoastApp.swift */,
				B678FF7D27D285850049919A /* ContentView.swift */,
				B678FF7F27D285850049919A /* Assets.xcassets */,
				B678FF8127D285850049919A /* Preview Content */,
			);
			path = avocadotoast;
			sourceTree = "<group>";
		};
		B678FF8127D285850049919A /* Preview Content */ = {
			isa = PBXGroup;
			children = (
				B678FF8227D285850049919A /* Preview Assets.xcassets */,
			);
			path = "Preview Content";
			sourceTree = "<group>";
		};
		B678FF8B27D285860049919A /* avocadotoastTests */ = {
			isa = PBXGroup;
			children = (
				B678FF8C27D285860049919A /* avocadotoastTests.swift */,
			);
			path = avocadotoastTests;
			sourceTree = "<group>";
		};
		B678FF9527D285860049919A /* avocadotoastUITests */ = {
			isa = PBXGroup;
			children = (
				B678FF9627D285860049919A /* avocadotoastUITests.swift */,
				B678FF9827D285860049919A /* avocadotoastUITestsLaunchTests.swift */,
			);
			path = avocadotoastUITests;
			sourceTree = "<group>";
		};
/* End PBXGroup section */

/* Begin PBXNativeTarget section */
		B678FF7727D285850049919A /* avocadotoast */ = {
			isa = PBXNativeTarget;
			buildConfigurationList = B678FF9C27D285860049919A /* Build configuration list for PBXNativeTarget "avocadotoast" */;
			buildPhases = (
				B678FF7427D285850049919A /* Sources */,
				B678FF7527D285850049919A /* Frameworks */,
				B678FF7627D285850049919A /* Resources */,
			);
			buildRules = (
			);
			dependencies = (
			);
			name = avocadotoast;
			productName = avocadotoast;
			productReference = B678FF7827D285850049919A /* avocadotoast.app */;
			productType = "com.apple.product-type.application";
		};
		B678FF8727D285860049919A /* avocadotoastTests */ = {
			isa = PBXNativeTarget;
			buildConfigurationList = B678FF9F27D285860049919A /* Build configuration list for PBXNativeTarget "avocadotoastTests" */;
			buildPhases = (
				B678FF8427D285860049919A /* Sources */,
				B678FF8527D285860049919A /* Frameworks */,
				B678FF8627D285860049919A /* Resources */,
			);
			buildRules = (
			);
			dependencies = (
				B678FF8A27D285860049919A /* PBXTargetDependency */,
			);
			name = avocadotoastTests;
			productName = avocadotoastTests;
			productReference = B678FF8827D285860049919A /* avocadotoastTests.xctest */;
			productType = "com.apple.product-type.bundle.unit-test";
		};
		B678FF9127D285860049919A /* avocadotoastUITests */ = {
			isa = PBXNativeTarget;
			buildConfigurationList = B678FFA227D285860049919A /* Build configuration list for PBXNativeTarget "avocadotoastUITests" */;
			buildPhases = (
				B678FF8E27D285860049919A /* Sources */,
				B678FF8F27D285860049919A /* Frameworks */,
				B678FF9027D285860049919A /* Resources */,
			);
			buildRules = (
			);
			dependencies = (
				B678FF9427D285860049919A /* PBXTargetDependency */,
			);
			name = avocadotoastUITests;
			productName = avocadotoastUITests;
			productReference = B678FF9227D285860049919A /* avocadotoastUITests.xctest */;
			productType = "com.apple.product-type.bundle.ui-testing";
		};
/* End PBXNativeTarget section */

/* Begin PBXProject section */
		B678FF7027D285850049919A /* Project object */ = {
			isa = PBXProject;
			attributes = {
				BuildIndependentTargetsInParallel = 1;
				LastSwiftUpdateCheck = 1320;
				LastUpgradeCheck = 1320;
				TargetAttributes = {
					B678FF7727D285850049919A = {
						CreatedOnToolsVersion = 13.2.1;
					};
					B678FF8727D285860049919A = {
						CreatedOnToolsVersion = 13.2.1;
						TestTargetID = B678FF7727D285850049919A;
					};
					B678FF9127D285860049919A = {
						CreatedOnToolsVersion = 13.2.1;
						TestTargetID = B678FF7727D285850049919A;
					};
				};
			};
			buildConfigurationList = B678FF7327D285850049919A /* Build configuration list for PBXProject "avocadotoast" */;
			compatibilityVersion = "Xcode 13.0";
			developmentRegion = en;
			hasScannedForEncodings = 0;
			knownRegions = (
				en,
				Base,
			);
			mainGroup = B678FF6F27D285850049919A;
			productRefGroup = B678FF7927D285850049919A /* Products */;
			projectDirPath = "";
			projectRoot = "";
			targets = (
				B678FF7727D285850049919A /* avocadotoast */,
				B678FF8727D285860049919A /* avocadotoastTests */,
				B678FF9127D285860049919A /* avocadotoastUITests */,
			);
		};
/* End PBXProject section */

/* Begin PBXResourcesBuildPhase section */
		B678FF7627D285850049919A /* Resources */ = {
			isa = PBXResourcesBuildPhase;
			buildActionMask = 2147483647;
			files = (
				B678FF8327D285850049919A /* Preview Assets.xcassets in Resources */,
				B678FF8027D285850049919A /* Assets.xcassets in Resources */,
			);
			runOnlyForDeploymentPostprocessing = 0;
		};
		B678FF8627D285860049919A /* Resources */ = {
			isa = PBXResourcesBuildPhase;
			buildActionMask = 2147483647;
			files = (
			);
			runOnlyForDeploymentPostprocessing = 0;
		};
		B678FF9027D285860049919A /* Resources */ = {
			isa = PBXResourcesBuildPhase;
			buildActionMask = 2147483647;
			files = (
			);
			runOnlyForDeploymentPostprocessing = 0;
		};
/* End PBXResourcesBuildPhase section */

/* Begin PBXSourcesBuildPhase section */
		B678FF7427D285850049919A /* Sources */ = {
			isa = PBXSourcesBuildPhase;
			buildActionMask = 2147483647;
			files = (
				B678FF7E27D285850049919A /* ContentView.swift in Sources */,
				B678FF7C27D285850049919A /* avocadotoastApp.swift in Sources */,
			);
			runOnlyForDeploymentPostprocessing = 0;
		};
		B678FF8427D285860049919A /* Sources */ = {
			isa = PBXSourcesBuildPhase;
			buildActionMask = 2147483647;
			files = (
				B678FF8D27D285860049919A /* avocadotoastTests.swift in Sources */,
			);
			runOnlyForDeploymentPostprocessing = 0;
		};
		B678FF8E27D285860049919A /* Sources */ = {
			isa = PBXSourcesBuildPhase;
			buildActionMask = 2147483647;
			files = (
				B678FF9927D285860049919A /* avocadotoastUITestsLaunchTests.swift in Sources */,
				B678FF9727D285860049919A /* avocadotoastUITests.swift in Sources */,
			);
			runOnlyForDeploymentPostprocessing = 0;
		};
/* End PBXSourcesBuildPhase section */

/* Begin PBXTargetDependency section */
		B678FF8A27D285860049919A /* PBXTargetDependency */ = {
			isa = PBXTargetDependency;
			target = B678FF7727D285850049919A /* avocadotoast */;
			targetProxy = B678FF8927D285860049919A /* PBXContainerItemProxy */;
		};
		B678FF9427D285860049919A /* PBXTargetDependency */ = {
			isa = PBXTargetDependency;
			target = B678FF7727D285850049919A /* avocadotoast */;
			targetProxy = B678FF9327D285860049919A /* PBXContainerItemProxy */;
		};
/* End PBXTargetDependency section */

/* Begin XCBuildConfiguration section */
		B678FF9A27D285860049919A /* Debug */ = {
			isa = XCBuildConfiguration;
			buildSettings = {
				ALWAYS_SEARCH_USER_PATHS = NO;
				CLANG_ANALYZER_NONNULL = YES;
				CLANG_ANALYZER_NUMBER_OBJECT_CONVERSION = YES_AGGRESSIVE;
				CLANG_CXX_LANGUAGE_STANDARD = "gnu++17";
				CLANG_CXX_LIBRARY = "libc++";
				CLANG_ENABLE_MODULES = YES;
				CLANG_ENABLE_OBJC_ARC = YES;
				CLANG_ENABLE_OBJC_WEAK = YES;
				CLANG_WARN_BLOCK_CAPTURE_AUTORELEASING = YES;
				CLANG_WARN_BOOL_CONVERSION = YES;
				CLANG_WARN_COMMA = YES;
				CLANG_WARN_CONSTANT_CONVERSION = YES;
				CLANG_WARN_DEPRECATED_OBJC_IMPLEMENTATIONS = YES;
				CLANG_WARN_DIRECT_OBJC_ISA_USAGE = YES_ERROR;
				CLANG_WARN_DOCUMENTATION_COMMENTS = YES;
				CLANG_WARN_EMPTY_BODY = YES;
				CLANG_WARN_ENUM_CONVERSION = YES;
				CLANG_WARN_INFINITE_RECURSION = YES;
				CLANG_WARN_INT_CONVERSION = YES;
				CLANG_WARN_NON_LITERAL_NULL_CONVERSION = YES;
				CLANG_WARN_OBJC_IMPLICIT_RETAIN_SELF = YES;
				CLANG_WARN_OBJC_LITERAL_CONVERSION = YES;
				CLANG_WARN_OBJC_ROOT_CLASS = YES_ERROR;
				CLANG_WARN_QUOTED_INCLUDE_IN_FRAMEWORK_HEADER = YES;
				CLANG_WARN_RANGE_LOOP_ANALYSIS = YES;
				CLANG_WARN_STRICT_PROTOTYPES = YES;
				CLANG_WARN_SUSPICIOUS_MOVE = YES;
				CLANG_WARN_UNGUARDED_AVAILABILITY = YES_AGGRESSIVE;
				CLANG_WARN_UNREACHABLE_CODE = YES;
				CLANG_WARN__DUPLICATE_METHOD_MATCH = YES;
				COPY_PHASE_STRIP = NO;
				DEBUG_INFORMATION_FORMAT = dwarf;
				ENABLE_STRICT_OBJC_MSGSEND = YES;
				ENABLE_TESTABILITY = YES;
				GCC_C_LANGUAGE_STANDARD = gnu11;
				GCC_DYNAMIC_NO_PIC = NO;
				GCC_NO_COMMON_BLOCKS = YES;
				GCC_OPTIMIZATION_LEVEL = 0;
				GCC_PREPROCESSOR_DEFINITIONS = (
					"DEBUG=1",
					"$(inherited)",
				);
				GCC_WARN_64_TO_32_BIT_CONVERSION = YES;
				GCC_WARN_ABOUT_RETURN_TYPE = YES_ERROR;
				GCC_WARN_UNDECLARED_SELECTOR = YES;
				GCC_WARN_UNINITIALIZED_AUTOS = YES_AGGRESSIVE;
				GCC_WARN_UNUSED_FUNCTION = YES;
				GCC_WARN_UNUSED_VARIABLE = YES;
				IPHONEOS_DEPLOYMENT_TARGET = 15.2;
				MTL_ENABLE_DEBUG_INFO = INCLUDE_SOURCE;
				MTL_FAST_MATH = YES;
				ONLY_ACTIVE_ARCH = YES;
				SDKROOT = iphoneos;
				SWIFT_ACTIVE_COMPILATION_CONDITIONS = DEBUG;
				SWIFT_OPTIMIZATION_LEVEL = "-Onone";
			};
			name = Debug;
		};
		B678FF9B27D285860049919A /* Release */ = {
			isa = XCBuildConfiguration;
			buildSettings = {
				ALWAYS_SEARCH_USER_PATHS = NO;
				CLANG_ANALYZER_NONNULL = YES;
				CLANG_ANALYZER_NUMBER_OBJECT_CONVERSION = YES_AGGRESSIVE;
				CLANG_CXX_LANGUAGE_STANDARD = "gnu++17";
				CLANG_CXX_LIBRARY = "libc++";
				CLANG_ENABLE_MODULES = YES;
				CLANG_ENABLE_OBJC_ARC = YES;
				CLANG_ENABLE_OBJC_WEAK = YES;
				CLANG_WARN_BLOCK_CAPTURE_AUTORELEASING = YES;
				CLANG_WARN_BOOL_CONVERSION = YES;
				CLANG_WARN_COMMA = YES;
				CLANG_WARN_CONSTANT_CONVERSION = YES;
				CLANG_WARN_DEPRECATED_OBJC_IMPLEMENTATIONS = YES;
				CLANG_WARN_DIRECT_OBJC_ISA_USAGE = YES_ERROR;
				CLANG_WARN_DOCUMENTATION_COMMENTS = YES;
				CLANG_WARN_EMPTY_BODY = YES;
				CLANG_WARN_ENUM_CONVERSION = YES;
				CLANG_WARN_INFINITE_RECURSION = YES;
				CLANG_WARN_INT_CONVERSION = YES;
				CLANG_WARN_NON_LITERAL_NULL_CONVERSION = YES;
				CLANG_WARN_OBJC_IMPLICIT_RETAIN_SELF = YES;
				CLANG_WARN_OBJC_LITERAL_CONVERSION = YES;
				CLANG_WARN_OBJC_ROOT_CLASS = YES_ERROR;
				CLANG_WARN_QUOTED_INCLUDE_IN_FRAMEWORK_HEADER = YES;
				CLANG_WARN_RANGE_LOOP_ANALYSIS = YES;
				CLANG_WARN_STRICT_PROTOTYPES = YES;
				CLANG_WARN_SUSPICIOUS_MOVE = YES;
				CLANG_WARN_UNGUARDED_AVAILABILITY = YES_AGGRESSIVE;
				CLANG_WARN_UNREACHABLE_CODE = YES;
				CLANG_WARN__DUPLICATE_METHOD_MATCH = YES;
				COPY_PHASE_STRIP = NO;
				DEBUG_INFORMATION_FORMAT = "dwarf-with-dsym";
				ENABLE_NS_ASSERTIONS = NO;
				ENABLE_STRICT_OBJC_MSGSEND = YES;
				GCC_C_LANGUAGE_STANDARD = gnu11;
				GCC_NO_COMMON_BLOCKS = YES;
				GCC_WARN_64_TO_32_BIT_CONVERSION = YES;
				GCC_WARN_ABOUT_RETURN_TYPE = YES_ERROR;
				GCC_WARN_UNDECLARED_SELECTOR = YES;
				GCC_WARN_UNINITIALIZED_AUTOS = YES_AGGRESSIVE;
				GCC_WARN_UNUSED_FUNCTION = YES;
				GCC_WARN_UNUSED_VARIABLE = YES;
				IPHONEOS_DEPLOYMENT_TARGET = 15.2;
				MTL_ENABLE_DEBUG_INFO = NO;
				MTL_FAST_MATH = YES;
				SDKROOT = iphoneos;
				SWIFT_COMPILATION_MODE = wholemodule;
				SWIFT_OPTIMIZATION_LEVEL = "-O";
				VALIDATE_PRODUCT = YES;
			};
			name = Release;
		};
		B678FF9D27D285860049919A /* Debug */ = {
			isa = XCBuildConfiguration;
			buildSettings = {
				ASSETCATALOG_COMPILER_APPICON_NAME = AppIcon;
				ASSETCATALOG_COMPILER_GLOBAL_ACCENT_COLOR_NAME = AccentColor;
				CODE_SIGN_STYLE = Automatic;
				CURRENT_PROJECT_VERSION = 1;
				DEVELOPMENT_ASSET_PATHS = "\"avocadotoast/Preview Content\"";
				DEVELOPMENT_TEAM = M8VYRKA2RH;
				ENABLE_PREVIEWS = YES;
				GENERATE_INFOPLIST_FILE = YES;
				INFOPLIST_KEY_UIApplicationSceneManifest_Generation = YES;
				INFOPLIST_KEY_UIApplicationSupportsIndirectInputEvents = YES;
				INFOPLIST_KEY_UILaunchScreen_Generation = YES;
				INFOPLIST_KEY_UISupportedInterfaceOrientations_iPad = "UIInterfaceOrientationPortrait UIInterfaceOrientationPortraitUpsideDown UIInterfaceOrientationLandscapeLeft UIInterfaceOrientationLandscapeRight";
				INFOPLIST_KEY_UISupportedInterfaceOrientations_iPhone = "UIInterfaceOrientationPortrait UIInterfaceOrientationLandscapeLeft UIInterfaceOrientationLandscapeRight";
				LD_RUNPATH_SEARCH_PATHS = (
					"$(inherited)",
					"@executable_path/Frameworks",
				);
				MARKETING_VERSION = 1.0;
				PRODUCT_BUNDLE_IDENTIFIER = com.Imran.avocadotoast;
				PRODUCT_NAME = "$(TARGET_NAME)";
				SWIFT_EMIT_LOC_STRINGS = YES;
				SWIFT_VERSION = 5.0;
				TARGETED_DEVICE_FAMILY = "1,2";
			};
			name = Debug;
		};
		B678FF9E27D285860049919A /* Release */ = {
			isa = XCBuildConfiguration;
			buildSettings = {
				ASSETCATALOG_COMPILER_APPICON_NAME = AppIcon;
				ASSETCATALOG_COMPILER_GLOBAL_ACCENT_COLOR_NAME = AccentColor;
				CODE_SIGN_STYLE = Automatic;
				CURRENT_PROJECT_VERSION = 1;
				DEVELOPMENT_ASSET_PATHS = "\"avocadotoast/Preview Content\"";
				DEVELOPMENT_TEAM = M8VYRKA2RH;
				ENABLE_PREVIEWS = YES;
				GENERATE_INFOPLIST_FILE = YES;
				INFOPLIST_KEY_UIApplicationSceneManifest_Generation = YES;
				INFOPLIST_KEY_UIApplicationSupportsIndirectInputEvents = YES;
				INFOPLIST_KEY_UILaunchScreen_Generation = YES;
				INFOPLIST_KEY_UISupportedInterfaceOrientations_iPad = "UIInterfaceOrientationPortrait UIInterfaceOrientationPortraitUpsideDown UIInterfaceOrientationLandscapeLeft UIInterfaceOrientationLandscapeRight";
				INFOPLIST_KEY_UISupportedInterfaceOrientations_iPhone = "UIInterfaceOrientationPortrait UIInterfaceOrientationLandscapeLeft UIInterfaceOrientationLandscapeRight";
				LD_RUNPATH_SEARCH_PATHS = (
					"$(inherited)",
					"@executable_path/Frameworks",
				);
				MARKETING_VERSION = 1.0;
				PRODUCT_BUNDLE_IDENTIFIER = com.Imran.avocadotoast;
				PRODUCT_NAME = "$(TARGET_NAME)";
				SWIFT_EMIT_LOC_STRINGS = YES;
				SWIFT_VERSION = 5.0;
				TARGETED_DEVICE_FAMILY = "1,2";
			};
			name = Release;
		};
		B678FFA027D285860049919A /* Debug */ = {
			isa = XCBuildConfiguration;
			buildSettings = {
				ALWAYS_EMBED_SWIFT_STANDARD_LIBRARIES = YES;
				BUNDLE_LOADER = "$(TEST_HOST)";
				CODE_SIGN_STYLE = Automatic;
				CURRENT_PROJECT_VERSION = 1;
				DEVELOPMENT_TEAM = M8VYRKA2RH;
				GENERATE_INFOPLIST_FILE = YES;
				IPHONEOS_DEPLOYMENT_TARGET = 15.2;
				MARKETING_VERSION = 1.0;
				PRODUCT_BUNDLE_IDENTIFIER = com.Imran.avocadotoastTests;
				PRODUCT_NAME = "$(TARGET_NAME)";
				SWIFT_EMIT_LOC_STRINGS = NO;
				SWIFT_VERSION = 5.0;
				TARGETED_DEVICE_FAMILY = "1,2";
				TEST_HOST = "$(BUILT_PRODUCTS_DIR)/avocadotoast.app/avocadotoast";
			};
			name = Debug;
		};
		B678FFA127D285860049919A /* Release */ = {
			isa = XCBuildConfiguration;
			buildSettings = {
				ALWAYS_EMBED_SWIFT_STANDARD_LIBRARIES = YES;
				BUNDLE_LOADER = "$(TEST_HOST)";
				CODE_SIGN_STYLE = Automatic;
				CURRENT_PROJECT_VERSION = 1;
				DEVELOPMENT_TEAM = M8VYRKA2RH;
				GENERATE_INFOPLIST_FILE = YES;
				IPHONEOS_DEPLOYMENT_TARGET = 15.2;
				MARKETING_VERSION = 1.0;
				PRODUCT_BUNDLE_IDENTIFIER = com.Imran.avocadotoastTests;
				PRODUCT_NAME = "$(TARGET_NAME)";
				SWIFT_EMIT_LOC_STRINGS = NO;
				SWIFT_VERSION = 5.0;
				TARGETED_DEVICE_FAMILY = "1,2";
				TEST_HOST = "$(BUILT_PRODUCTS_DIR)/avocadotoast.app/avocadotoast";
			};
			name = Release;
		};
		B678FFA327D285860049919A /* Debug */ = {
			isa = XCBuildConfiguration;
			buildSettings = {
				ALWAYS_EMBED_SWIFT_STANDARD_LIBRARIES = YES;
				CODE_SIGN_STYLE = Automatic;
				CURRENT_PROJECT_VERSION = 1;
				DEVELOPMENT_TEAM = M8VYRKA2RH;
				GENERATE_INFOPLIST_FILE = YES;
				MARKETING_VERSION = 1.0;
				PRODUCT_BUNDLE_IDENTIFIER = com.Imran.avocadotoastUITests;
				PRODUCT_NAME = "$(TARGET_NAME)";
				SWIFT_EMIT_LOC_STRINGS = NO;
				SWIFT_VERSION = 5.0;
				TARGETED_DEVICE_FAMILY = "1,2";
				TEST_TARGET_NAME = avocadotoast;
			};
			name = Debug;
		};
		B678FFA427D285860049919A /* Release */ = {
			isa = XCBuildConfiguration;
			buildSettings = {
				ALWAYS_EMBED_SWIFT_STANDARD_LIBRARIES = YES;
				CODE_SIGN_STYLE = Automatic;
				CURRENT_PROJECT_VERSION = 1;
				DEVELOPMENT_TEAM = M8VYRKA2RH;
				GENERATE_INFOPLIST_FILE = YES;
				MARKETING_VERSION = 1.0;
				PRODUCT_BUNDLE_IDENTIFIER = com.Imran.avocadotoastUITests;
				PRODUCT_NAME = "$(TARGET_NAME)";
				SWIFT_EMIT_LOC_STRINGS = NO;
				SWIFT_VERSION = 5.0;
				TARGETED_DEVICE_FAMILY = "1,2";
				TEST_TARGET_NAME = avocadotoast;
			};
			name = Release;
		};
/* End XCBuildConfiguration section */

/* Begin XCConfigurationList section */
		B678FF7327D285850049919A /* Build configuration list for PBXProject "avocadotoast" */ = {
			isa = XCConfigurationList;
			buildConfigurations = (
				B678FF9A27D285860049919A /* Debug */,
				B678FF9B27D285860049919A /* Release */,
			);
			defaultConfigurationIsVisible = 0;
			defaultConfigurationName = Release;
		};
		B678FF9C27D285860049919A /* Build configuration list for PBXNativeTarget "avocadotoast" */ = {
			isa = XCConfigurationList;
			buildConfigurations = (
				B678FF9D27D285860049919A /* Debug */,
				B678FF9E27D285860049919A /* Release */,
			);
			defaultConfigurationIsVisible = 0;
			defaultConfigurationName = Release;
		};
		B678FF9F27D285860049919A /* Build configuration list for PBXNativeTarget "avocadotoastTests" */ = {
			isa = XCConfigurationList;
			buildConfigurations = (
				B678FFA027D285860049919A /* Debug */,
				B678FFA127D285860049919A /* Release */,
			);
			defaultConfigurationIsVisible = 0;
			defaultConfigurationName = Release;
		};
		B678FFA227D285860049919A /* Build configuration list for PBXNativeTarget "avocadotoastUITests" */ = {
			isa = XCConfigurationList;
			buildConfigurations = (
				B678FFA327D285860049919A /* Debug */,
				B678FFA427D285860049919A /* Release */,
			);
			defaultConfigurationIsVisible = 0;
			defaultConfigurationName = Release;
		};
/* End XCConfigurationList section */
	};
	rootObject = B678FF7027D285850049919A /* Project object */;
}
