// !$*UTF8*$!
{
	archiveVersion = 1;
	classes = {
	};
	objectVersion = 55;
	objects = {

/* Begin PBXBuildFile section */
		B6184404282AC6FF00630B75 /* awsconfiguration.json in Resources */ = {isa = PBXBuildFile; fileRef = B6184402282AC6FF00630B75 /* awsconfiguration.json */; };
		B6184406282AC7E800630B75 /* amplifyConfiguration.json in Resources */ = {isa = PBXBuildFile; fileRef = B6184405282AC7E800630B75 /* amplifyConfiguration.json */; };
		B62C7BC3282C052900A18B74 /* AppDelegate.swift in Sources */ = {isa = PBXBuildFile; fileRef = B62C7BC2282C052900A18B74 /* AppDelegate.swift */; };
		B63FAEE8282C06D700C10C33 /* File.swift in Sources */ = {isa = PBXBuildFile; fileRef = B63FAEE7282C06D700C10C33 /* File.swift */; };
		B678FF7C27D285850049919A /* WeCookedApp.swift in Sources */ = {isa = PBXBuildFile; fileRef = B678FF7B27D285850049919A /* WeCookedApp.swift */; };
		B678FF8027D285850049919A /* Assets.xcassets in Resources */ = {isa = PBXBuildFile; fileRef = B678FF7F27D285850049919A /* Assets.xcassets */; };
		B678FF8327D285850049919A /* Preview Assets.xcassets in Resources */ = {isa = PBXBuildFile; fileRef = B678FF8227D285850049919A /* Preview Assets.xcassets */; };
		B67A05A727E384C3004A57A9 /* Recipe.swift in Sources */ = {isa = PBXBuildFile; fileRef = B67A05A627E384C3004A57A9 /* Recipe.swift */; };
		B67A05A927E3850E004A57A9 /* RecipeList.swift in Sources */ = {isa = PBXBuildFile; fileRef = B67A05A827E3850D004A57A9 /* RecipeList.swift */; };
		B67A05AB27E385B4004A57A9 /* RecipeContentView.swift in Sources */ = {isa = PBXBuildFile; fileRef = B67A05AA27E385B4004A57A9 /* RecipeContentView.swift */; };
		B67A05AD27E3AB88004A57A9 /* RecipesLanding.swift in Sources */ = {isa = PBXBuildFile; fileRef = B67A05AC27E3AB88004A57A9 /* RecipesLanding.swift */; };
		B6B2CF512818DBA800651B2D /* VeganAPI.swift in Sources */ = {isa = PBXBuildFile; fileRef = B6B2CF502818DBA800651B2D /* VeganAPI.swift */; };
		B6B2CF53281B6B2300651B2D /* HealthyAPI.swift in Sources */ = {isa = PBXBuildFile; fileRef = B6B2CF52281B6B2300651B2D /* HealthyAPI.swift */; };
		B6B2CF56281B6B5D00651B2D /* DinnerAPI.swift in Sources */ = {isa = PBXBuildFile; fileRef = B6B2CF55281B6B5D00651B2D /* DinnerAPI.swift */; };
		B6B2CF58281B6B8500651B2D /* LunchAPI.swift in Sources */ = {isa = PBXBuildFile; fileRef = B6B2CF57281B6B8500651B2D /* LunchAPI.swift */; };
		B6B2CF5A281B6B8E00651B2D /* BreakfastAPI.swift in Sources */ = {isa = PBXBuildFile; fileRef = B6B2CF59281B6B8E00651B2D /* BreakfastAPI.swift */; };
/* End PBXBuildFile section */

/* Begin PBXFileReference section */
		B6184402282AC6FF00630B75 /* awsconfiguration.json */ = {isa = PBXFileReference; fileEncoding = 4; lastKnownFileType = text.json; path = awsconfiguration.json; sourceTree = "<group>"; };
		B6184405282AC7E800630B75 /* amplifyConfiguration.json */ = {isa = PBXFileReference; lastKnownFileType = text.json; path = amplifyConfiguration.json; sourceTree = "<group>"; };
		B62C7BC2282C052900A18B74 /* AppDelegate.swift */ = {isa = PBXFileReference; lastKnownFileType = sourcecode.swift; path = AppDelegate.swift; sourceTree = "<group>"; };
		B63FAEE7282C06D700C10C33 /* File.swift */ = {isa = PBXFileReference; lastKnownFileType = sourcecode.swift; path = File.swift; sourceTree = "<group>"; };
		B678FF7827D285850049919A /* WeCooked.app */ = {isa = PBXFileReference; explicitFileType = wrapper.application; includeInIndex = 0; path = WeCooked.app; sourceTree = BUILT_PRODUCTS_DIR; };
		B678FF7B27D285850049919A /* WeCookedApp.swift */ = {isa = PBXFileReference; lastKnownFileType = sourcecode.swift; path = WeCookedApp.swift; sourceTree = "<group>"; };
		B678FF7F27D285850049919A /* Assets.xcassets */ = {isa = PBXFileReference; lastKnownFileType = folder.assetcatalog; path = Assets.xcassets; sourceTree = "<group>"; };
		B678FF8227D285850049919A /* Preview Assets.xcassets */ = {isa = PBXFileReference; lastKnownFileType = folder.assetcatalog; path = "Preview Assets.xcassets"; sourceTree = "<group>"; };
		B67A05A627E384C3004A57A9 /* Recipe.swift */ = {isa = PBXFileReference; lastKnownFileType = sourcecode.swift; path = Recipe.swift; sourceTree = "<group>"; };
		B67A05A827E3850D004A57A9 /* RecipeList.swift */ = {isa = PBXFileReference; lastKnownFileType = sourcecode.swift; path = RecipeList.swift; sourceTree = "<group>"; };
		B67A05AA27E385B4004A57A9 /* RecipeContentView.swift */ = {isa = PBXFileReference; lastKnownFileType = sourcecode.swift; path = RecipeContentView.swift; sourceTree = "<group>"; };
		B67A05AC27E3AB88004A57A9 /* RecipesLanding.swift */ = {isa = PBXFileReference; lastKnownFileType = sourcecode.swift; path = RecipesLanding.swift; sourceTree = "<group>"; };
		B6B2CF502818DBA800651B2D /* VeganAPI.swift */ = {isa = PBXFileReference; lastKnownFileType = sourcecode.swift; path = VeganAPI.swift; sourceTree = "<group>"; };
		B6B2CF52281B6B2300651B2D /* HealthyAPI.swift */ = {isa = PBXFileReference; lastKnownFileType = sourcecode.swift; path = HealthyAPI.swift; sourceTree = "<group>"; };
		B6B2CF55281B6B5D00651B2D /* DinnerAPI.swift */ = {isa = PBXFileReference; lastKnownFileType = sourcecode.swift; path = DinnerAPI.swift; sourceTree = "<group>"; };
		B6B2CF57281B6B8500651B2D /* LunchAPI.swift */ = {isa = PBXFileReference; lastKnownFileType = sourcecode.swift; path = LunchAPI.swift; sourceTree = "<group>"; };
		B6B2CF59281B6B8E00651B2D /* BreakfastAPI.swift */ = {isa = PBXFileReference; lastKnownFileType = sourcecode.swift; path = BreakfastAPI.swift; sourceTree = "<group>"; };
		D864A06295039A6E3E9CE635 /* awsconfiguration.json */ = {isa = PBXFileReference; explicitFileType = text.json; path = awsconfiguration.json; sourceTree = "<group>"; };
/* End PBXFileReference section */

/* Begin PBXFrameworksBuildPhase section */
		B678FF7527D285850049919A /* Frameworks */ = {
			isa = PBXFrameworksBuildPhase;
			buildActionMask = 2147483647;
			files = (
			);
			runOnlyForDeploymentPostprocessing = 0;
		};
/* End PBXFrameworksBuildPhase section */

/* Begin PBXGroup section */
		7CA77C4326ADC144870198AD /* AmplifyConfig */ = {
			isa = PBXGroup;
			children = (
				D864A06295039A6E3E9CE635 /* awsconfiguration.json */,
			);
			name = AmplifyConfig;
			sourceTree = "<group>";
		};
		B678FF6F27D285850049919A = {
			isa = PBXGroup;
			children = (
				B63FAEE7282C06D700C10C33 /* File.swift */,
				B678FF7A27D285850049919A /* WeCooked */,
				B678FF7927D285850049919A /* Products */,
				7CA77C4326ADC144870198AD /* AmplifyConfig */,
			);
			sourceTree = "<group>";
		};
		B678FF7927D285850049919A /* Products */ = {
			isa = PBXGroup;
			children = (
				B678FF7827D285850049919A /* WeCooked.app */,
			);
			name = Products;
			sourceTree = "<group>";
		};
		B678FF7A27D285850049919A /* WeCooked */ = {
			isa = PBXGroup;
			children = (
				B6184402282AC6FF00630B75 /* awsconfiguration.json */,
				B6184405282AC7E800630B75 /* amplifyConfiguration.json */,
				B62C7BC2282C052900A18B74 /* AppDelegate.swift */,
				B678FF7B27D285850049919A /* WeCookedApp.swift */,
				B67A05AA27E385B4004A57A9 /* RecipeContentView.swift */,
				B68AB47A28066D1100128E0F /* APIs */,
				B68AB47928066CF500128E0F /* Recipes Views */,
				B678FF7F27D285850049919A /* Assets.xcassets */,
				B678FF8127D285850049919A /* Preview Content */,
			);
			path = WeCooked;
			sourceTree = "<group>";
		};
		B678FF8127D285850049919A /* Preview Content */ = {
			isa = PBXGroup;
			children = (
				B678FF8227D285850049919A /* Preview Assets.xcassets */,
			);
			path = "Preview Content";
			sourceTree = "<group>";
		};
		B68AB47928066CF500128E0F /* Recipes Views */ = {
			isa = PBXGroup;
			children = (
				B67A05A827E3850D004A57A9 /* RecipeList.swift */,
				B67A05AC27E3AB88004A57A9 /* RecipesLanding.swift */,
			);
			path = "Recipes Views";
			sourceTree = "<group>";
		};
		B68AB47A28066D1100128E0F /* APIs */ = {
			isa = PBXGroup;
			children = (
				B6B2CF54281B6B3F00651B2D /* RecipesAPIs */,
				B67A05A627E384C3004A57A9 /* Recipe.swift */,
			);
			path = APIs;
			sourceTree = "<group>";
		};
		B6B2CF54281B6B3F00651B2D /* RecipesAPIs */ = {
			isa = PBXGroup;
			children = (
				B6B2CF59281B6B8E00651B2D /* BreakfastAPI.swift */,
				B6B2CF502818DBA800651B2D /* VeganAPI.swift */,
				B6B2CF52281B6B2300651B2D /* HealthyAPI.swift */,
				B6B2CF55281B6B5D00651B2D /* DinnerAPI.swift */,
				B6B2CF57281B6B8500651B2D /* LunchAPI.swift */,
			);
			path = RecipesAPIs;
			sourceTree = "<group>";
		};
/* End PBXGroup section */

/* Begin PBXNativeTarget section */
		B678FF7727D285850049919A /* WeCooked */ = {
			isa = PBXNativeTarget;
			buildConfigurationList = B678FF9C27D285860049919A /* Build configuration list for PBXNativeTarget "WeCooked" */;
			buildPhases = (
				B678FF7427D285850049919A /* Sources */,
				B678FF7527D285850049919A /* Frameworks */,
				B678FF7627D285850049919A /* Resources */,
			);
			buildRules = (
			);
			dependencies = (
			);
			name = WeCooked;
			packageProductDependencies = (
			);
			productName = avocadotoast;
			productReference = B678FF7827D285850049919A /* WeCooked.app */;
			productType = "com.apple.product-type.application";
		};
/* End PBXNativeTarget section */

/* Begin PBXProject section */
		B678FF7027D285850049919A /* Project object */ = {
			isa = PBXProject;
			attributes = {
				BuildIndependentTargetsInParallel = 1;
				LastSwiftUpdateCheck = 1320;
				LastUpgradeCheck = 1320;
				TargetAttributes = {
					B678FF7727D285850049919A = {
						CreatedOnToolsVersion = 13.2.1;
					};
				};
			};
			buildConfigurationList = B678FF7327D285850049919A /* Build configuration list for PBXProject "WeCooked" */;
			compatibilityVersion = "Xcode 13.0";
			developmentRegion = en;
			hasScannedForEncodings = 0;
			knownRegions = (
				en,
				Base,
			);
			mainGroup = B678FF6F27D285850049919A;
			packageReferences = (
				B62C7BB9282C04F400A18B74 /* XCRemoteSwiftPackageReference "amplify-ios" */,
			);
			productRefGroup = B678FF7927D285850049919A /* Products */;
			projectDirPath = "";
			projectRoot = "";
			targets = (
				B678FF7727D285850049919A /* WeCooked */,
			);
		};
/* End PBXProject section */

/* Begin PBXResourcesBuildPhase section */
		B678FF7627D285850049919A /* Resources */ = {
			isa = PBXResourcesBuildPhase;
			buildActionMask = 2147483647;
			files = (
				B678FF8327D285850049919A /* Preview Assets.xcassets in Resources */,
				B6184404282AC6FF00630B75 /* awsconfiguration.json in Resources */,
				B6184406282AC7E800630B75 /* amplifyConfiguration.json in Resources */,
				B678FF8027D285850049919A /* Assets.xcassets in Resources */,
			);
			runOnlyForDeploymentPostprocessing = 0;
		};
/* End PBXResourcesBuildPhase section */

/* Begin PBXSourcesBuildPhase section */
		B678FF7427D285850049919A /* Sources */ = {
			isa = PBXSourcesBuildPhase;
			buildActionMask = 2147483647;
			files = (
				B62C7BC3282C052900A18B74 /* AppDelegate.swift in Sources */,
				B63FAEE8282C06D700C10C33 /* File.swift in Sources */,
				B6B2CF5A281B6B8E00651B2D /* BreakfastAPI.swift in Sources */,
				B67A05A727E384C3004A57A9 /* Recipe.swift in Sources */,
				B6B2CF512818DBA800651B2D /* VeganAPI.swift in Sources */,
				B67A05AD27E3AB88004A57A9 /* RecipesLanding.swift in Sources */,
				B6B2CF53281B6B2300651B2D /* HealthyAPI.swift in Sources */,
				B678FF7C27D285850049919A /* WeCookedApp.swift in Sources */,
				B67A05A927E3850E004A57A9 /* RecipeList.swift in Sources */,
				B67A05AB27E385B4004A57A9 /* RecipeContentView.swift in Sources */,
				B6B2CF56281B6B5D00651B2D /* DinnerAPI.swift in Sources */,
				B6B2CF58281B6B8500651B2D /* LunchAPI.swift in Sources */,
			);
			runOnlyForDeploymentPostprocessing = 0;
		};
/* End PBXSourcesBuildPhase section */

/* Begin XCBuildConfiguration section */
		B678FF9A27D285860049919A /* Debug */ = {
			isa = XCBuildConfiguration;
			buildSettings = {
				ALWAYS_SEARCH_USER_PATHS = NO;
				CLANG_ANALYZER_NONNULL = YES;
				CLANG_ANALYZER_NUMBER_OBJECT_CONVERSION = YES_AGGRESSIVE;
				CLANG_CXX_LANGUAGE_STANDARD = "gnu++17";
				CLANG_CXX_LIBRARY = "libc++";
				CLANG_ENABLE_MODULES = YES;
				CLANG_ENABLE_OBJC_ARC = YES;
				CLANG_ENABLE_OBJC_WEAK = YES;
				CLANG_WARN_BLOCK_CAPTURE_AUTORELEASING = YES;
				CLANG_WARN_BOOL_CONVERSION = YES;
				CLANG_WARN_COMMA = YES;
				CLANG_WARN_CONSTANT_CONVERSION = YES;
				CLANG_WARN_DEPRECATED_OBJC_IMPLEMENTATIONS = YES;
				CLANG_WARN_DIRECT_OBJC_ISA_USAGE = YES_ERROR;
				CLANG_WARN_DOCUMENTATION_COMMENTS = YES;
				CLANG_WARN_EMPTY_BODY = YES;
				CLANG_WARN_ENUM_CONVERSION = YES;
				CLANG_WARN_INFINITE_RECURSION = YES;
				CLANG_WARN_INT_CONVERSION = YES;
				CLANG_WARN_NON_LITERAL_NULL_CONVERSION = YES;
				CLANG_WARN_OBJC_IMPLICIT_RETAIN_SELF = YES;
				CLANG_WARN_OBJC_LITERAL_CONVERSION = YES;
				CLANG_WARN_OBJC_ROOT_CLASS = YES_ERROR;
				CLANG_WARN_QUOTED_INCLUDE_IN_FRAMEWORK_HEADER = YES;
				CLANG_WARN_RANGE_LOOP_ANALYSIS = YES;
				CLANG_WARN_STRICT_PROTOTYPES = YES;
				CLANG_WARN_SUSPICIOUS_MOVE = YES;
				CLANG_WARN_UNGUARDED_AVAILABILITY = YES_AGGRESSIVE;
				CLANG_WARN_UNREACHABLE_CODE = YES;
				CLANG_WARN__DUPLICATE_METHOD_MATCH = YES;
				COPY_PHASE_STRIP = NO;
				DEBUG_INFORMATION_FORMAT = dwarf;
				ENABLE_STRICT_OBJC_MSGSEND = YES;
				ENABLE_TESTABILITY = YES;
				GCC_C_LANGUAGE_STANDARD = gnu11;
				GCC_DYNAMIC_NO_PIC = NO;
				GCC_NO_COMMON_BLOCKS = YES;
				GCC_OPTIMIZATION_LEVEL = 0;
				GCC_PREPROCESSOR_DEFINITIONS = (
					"DEBUG=1",
					"$(inherited)",
				);
				GCC_WARN_64_TO_32_BIT_CONVERSION = YES;
				GCC_WARN_ABOUT_RETURN_TYPE = YES_ERROR;
				GCC_WARN_UNDECLARED_SELECTOR = YES;
				GCC_WARN_UNINITIALIZED_AUTOS = YES_AGGRESSIVE;
				GCC_WARN_UNUSED_FUNCTION = YES;
				GCC_WARN_UNUSED_VARIABLE = YES;
				IPHONEOS_DEPLOYMENT_TARGET = 15.0;
				MTL_ENABLE_DEBUG_INFO = INCLUDE_SOURCE;
				MTL_FAST_MATH = YES;
				ONLY_ACTIVE_ARCH = YES;
				SDKROOT = iphoneos;
				SWIFT_ACTIVE_COMPILATION_CONDITIONS = DEBUG;
				SWIFT_OPTIMIZATION_LEVEL = "-Onone";
			};
			name = Debug;
		};
		B678FF9B27D285860049919A /* Release */ = {
			isa = XCBuildConfiguration;
			buildSettings = {
				ALWAYS_SEARCH_USER_PATHS = NO;
				CLANG_ANALYZER_NONNULL = YES;
				CLANG_ANALYZER_NUMBER_OBJECT_CONVERSION = YES_AGGRESSIVE;
				CLANG_CXX_LANGUAGE_STANDARD = "gnu++17";
				CLANG_CXX_LIBRARY = "libc++";
				CLANG_ENABLE_MODULES = YES;
				CLANG_ENABLE_OBJC_ARC = YES;
				CLANG_ENABLE_OBJC_WEAK = YES;
				CLANG_WARN_BLOCK_CAPTURE_AUTORELEASING = YES;
				CLANG_WARN_BOOL_CONVERSION = YES;
				CLANG_WARN_COMMA = YES;
				CLANG_WARN_CONSTANT_CONVERSION = YES;
				CLANG_WARN_DEPRECATED_OBJC_IMPLEMENTATIONS = YES;
				CLANG_WARN_DIRECT_OBJC_ISA_USAGE = YES_ERROR;
				CLANG_WARN_DOCUMENTATION_COMMENTS = YES;
				CLANG_WARN_EMPTY_BODY = YES;
				CLANG_WARN_ENUM_CONVERSION = YES;
				CLANG_WARN_INFINITE_RECURSION = YES;
				CLANG_WARN_INT_CONVERSION = YES;
				CLANG_WARN_NON_LITERAL_NULL_CONVERSION = YES;
				CLANG_WARN_OBJC_IMPLICIT_RETAIN_SELF = YES;
				CLANG_WARN_OBJC_LITERAL_CONVERSION = YES;
				CLANG_WARN_OBJC_ROOT_CLASS = YES_ERROR;
				CLANG_WARN_QUOTED_INCLUDE_IN_FRAMEWORK_HEADER = YES;
				CLANG_WARN_RANGE_LOOP_ANALYSIS = YES;
				CLANG_WARN_STRICT_PROTOTYPES = YES;
				CLANG_WARN_SUSPICIOUS_MOVE = YES;
				CLANG_WARN_UNGUARDED_AVAILABILITY = YES_AGGRESSIVE;
				CLANG_WARN_UNREACHABLE_CODE = YES;
				CLANG_WARN__DUPLICATE_METHOD_MATCH = YES;
				COPY_PHASE_STRIP = NO;
				DEBUG_INFORMATION_FORMAT = "dwarf-with-dsym";
				ENABLE_NS_ASSERTIONS = NO;
				ENABLE_STRICT_OBJC_MSGSEND = YES;
				GCC_C_LANGUAGE_STANDARD = gnu11;
				GCC_NO_COMMON_BLOCKS = YES;
				GCC_WARN_64_TO_32_BIT_CONVERSION = YES;
				GCC_WARN_ABOUT_RETURN_TYPE = YES_ERROR;
				GCC_WARN_UNDECLARED_SELECTOR = YES;
				GCC_WARN_UNINITIALIZED_AUTOS = YES_AGGRESSIVE;
				GCC_WARN_UNUSED_FUNCTION = YES;
				GCC_WARN_UNUSED_VARIABLE = YES;
				IPHONEOS_DEPLOYMENT_TARGET = 15.0;
				MTL_ENABLE_DEBUG_INFO = NO;
				MTL_FAST_MATH = YES;
				SDKROOT = iphoneos;
				SWIFT_COMPILATION_MODE = wholemodule;
				SWIFT_OPTIMIZATION_LEVEL = "-O";
				VALIDATE_PRODUCT = YES;
			};
			name = Release;
		};
		B678FF9D27D285860049919A /* Debug */ = {
			isa = XCBuildConfiguration;
			buildSettings = {
				ASSETCATALOG_COMPILER_APPICON_NAME = AppIcon;
				ASSETCATALOG_COMPILER_GLOBAL_ACCENT_COLOR_NAME = AccentColor;
				ASSETCATALOG_COMPILER_INCLUDE_ALL_APPICON_ASSETS = YES;
				CODE_SIGN_STYLE = Automatic;
				CURRENT_PROJECT_VERSION = 1;
				DEVELOPMENT_ASSET_PATHS = "\"WeCooked/Preview Content\"";
				DEVELOPMENT_TEAM = M8VYRKA2RH;
				ENABLE_PREVIEWS = YES;
				GENERATE_INFOPLIST_FILE = YES;
				INFOPLIST_KEY_UIApplicationSceneManifest_Generation = YES;
				INFOPLIST_KEY_UIApplicationSupportsIndirectInputEvents = YES;
				INFOPLIST_KEY_UILaunchScreen_Generation = YES;
				INFOPLIST_KEY_UISupportedInterfaceOrientations = UIInterfaceOrientationPortrait;
				INFOPLIST_KEY_UISupportedInterfaceOrientations_iPad = "UIInterfaceOrientationPortrait UIInterfaceOrientationPortraitUpsideDown UIInterfaceOrientationLandscapeLeft UIInterfaceOrientationLandscapeRight";
				INFOPLIST_KEY_UISupportedInterfaceOrientations_iPhone = UIInterfaceOrientationPortrait;
				INFOPLIST_KEY_UIUserInterfaceStyle = Light;
				LD_RUNPATH_SEARCH_PATHS = (
					"$(inherited)",
					"@executable_path/Frameworks",
				);
				MARKETING_VERSION = 1.0;
				PRODUCT_BUNDLE_IDENTIFIER = com.Imran.avocadotoast;
				PRODUCT_NAME = "$(TARGET_NAME)";
				SWIFT_EMIT_LOC_STRINGS = YES;
				SWIFT_VERSION = 5.0;
				TARGETED_DEVICE_FAMILY = 1;
			};
			name = Debug;
		};
		B678FF9E27D285860049919A /* Release */ = {
			isa = XCBuildConfiguration;
			buildSettings = {
				ASSETCATALOG_COMPILER_APPICON_NAME = AppIcon;
				ASSETCATALOG_COMPILER_GLOBAL_ACCENT_COLOR_NAME = AccentColor;
				ASSETCATALOG_COMPILER_INCLUDE_ALL_APPICON_ASSETS = YES;
				CODE_SIGN_STYLE = Automatic;
				CURRENT_PROJECT_VERSION = 1;
				DEVELOPMENT_ASSET_PATHS = "\"WeCooked/Preview Content\"";
				DEVELOPMENT_TEAM = M8VYRKA2RH;
				ENABLE_PREVIEWS = YES;
				GENERATE_INFOPLIST_FILE = YES;
				INFOPLIST_KEY_UIApplicationSceneManifest_Generation = YES;
				INFOPLIST_KEY_UIApplicationSupportsIndirectInputEvents = YES;
				INFOPLIST_KEY_UILaunchScreen_Generation = YES;
				INFOPLIST_KEY_UISupportedInterfaceOrientations = UIInterfaceOrientationPortrait;
				INFOPLIST_KEY_UISupportedInterfaceOrientations_iPad = "UIInterfaceOrientationPortrait UIInterfaceOrientationPortraitUpsideDown UIInterfaceOrientationLandscapeLeft UIInterfaceOrientationLandscapeRight";
				INFOPLIST_KEY_UISupportedInterfaceOrientations_iPhone = UIInterfaceOrientationPortrait;
				INFOPLIST_KEY_UIUserInterfaceStyle = Light;
				LD_RUNPATH_SEARCH_PATHS = (
					"$(inherited)",
					"@executable_path/Frameworks",
				);
				MARKETING_VERSION = 1.0;
				PRODUCT_BUNDLE_IDENTIFIER = com.Imran.avocadotoast;
				PRODUCT_NAME = "$(TARGET_NAME)";
				SWIFT_EMIT_LOC_STRINGS = YES;
				SWIFT_VERSION = 5.0;
				TARGETED_DEVICE_FAMILY = 1;
			};
			name = Release;
		};
/* End XCBuildConfiguration section */

/* Begin XCConfigurationList section */
		B678FF7327D285850049919A /* Build configuration list for PBXProject "WeCooked" */ = {
			isa = XCConfigurationList;
			buildConfigurations = (
				B678FF9A27D285860049919A /* Debug */,
				B678FF9B27D285860049919A /* Release */,
			);
			defaultConfigurationIsVisible = 0;
			defaultConfigurationName = Release;
		};
		B678FF9C27D285860049919A /* Build configuration list for PBXNativeTarget "WeCooked" */ = {
			isa = XCConfigurationList;
			buildConfigurations = (
				B678FF9D27D285860049919A /* Debug */,
				B678FF9E27D285860049919A /* Release */,
			);
			defaultConfigurationIsVisible = 0;
			defaultConfigurationName = Release;
		};
/* End XCConfigurationList section */

/* Begin XCRemoteSwiftPackageReference section */
		B62C7BB9282C04F400A18B74 /* XCRemoteSwiftPackageReference "amplify-ios" */ = {
			isa = XCRemoteSwiftPackageReference;
			repositoryURL = "https://github.com/aws-amplify/amplify-ios";
			requirement = {
				kind = upToNextMajorVersion;
				minimumVersion = 1.0.0;
			};
		};
/* End XCRemoteSwiftPackageReference section */
	};
	rootObject = B678FF7027D285850049919A /* Project object */;
}
